<?xml version="1.0" encoding="utf-8"?>
<Project ToolsVersion="4.0" xmlns="http://schemas.microsoft.com/developer/msbuild/2003">
  <ItemGroup>
    <Filter Include="Source Files">
      <UniqueIdentifier>{4FC737F1-C7A5-4376-A066-2A32D752A2FF}</UniqueIdentifier>
      <Extensions>cpp;c;cc;cxx;def;odl;idl;hpj;bat;asm;asmx</Extensions>
    </Filter>
    <Filter Include="Header Files">
      <UniqueIdentifier>{93995380-89BD-4b04-88EB-625FBE52EBFB}</UniqueIdentifier>
      <Extensions>h;hh;hpp;hxx;hm;inl;inc;xsd</Extensions>
    </Filter>
    <Filter Include="Resource Files">
      <UniqueIdentifier>{67DA6AB6-F800-4c08-8B7A-83BB121AAD01}</UniqueIdentifier>
      <Extensions>rc;ico;cur;bmp;dlg;rc2;rct;bin;rgs;gif;jpg;jpeg;jpe;resx;tiff;tif;png;wav;mfcribbon-ms</Extensions>
    </Filter>
  </ItemGroup>
  <ItemGroup>
    <ClInclude Include="include\core\actions\action.h">
      <Filter>Header Files</Filter>
    </ClInclude>
    <ClInclude Include="include\core\actions\actions.h">
      <Filter>Header Files</Filter>
    </ClInclude>
    <ClInclude Include="include\core\actions\actions_map.h">
      <Filter>Header Files</Filter>
    </ClInclude>
    <ClInclude Include="include\core\actions\action_exception.h">
      <Filter>Header Files</Filter>
    </ClInclude>
    <ClInclude Include="include\core\actions\action_utilities.h">
      <Filter>Header Files</Filter>
    </ClInclude>
    <ClInclude Include="include\core\actions\indexed_action.h">
      <Filter>Header Files</Filter>
    </ClInclude>
    <ClInclude Include="include\core\actions\joint_action.h">
      <Filter>Header Files</Filter>
    </ClInclude>
    <ClInclude Include="include\core\actions\joint_actions_map.h">
      <Filter>Header Files</Filter>
    </ClInclude>
    <ClInclude Include="include\core\actions\named_action.h">
      <Filter>Header Files</Filter>
    </ClInclude>
    <ClInclude Include="include\core\agents\agent.h">
      <Filter>Header Files</Filter>
    </ClInclude>
    <ClInclude Include="include\core\agents\agents.h">
      <Filter>Header Files</Filter>
    </ClInclude>
    <ClInclude Include="include\core\agents\agent_exception.h">
      <Filter>Header Files</Filter>
    </ClInclude>
    <ClInclude Include="include\core\core_exception.h">
      <Filter>Header Files</Filter>
    </ClInclude>
    <ClInclude Include="include\core\horizon.h">
      <Filter>Header Files</Filter>
    </ClInclude>
    <ClInclude Include="include\core\initial.h">
      <Filter>Header Files</Filter>
    </ClInclude>
    <ClInclude Include="include\core\observations\indexed_observation.h">
      <Filter>Header Files</Filter>
    </ClInclude>
    <ClInclude Include="include\core\observations\joint_observation.h">
      <Filter>Header Files</Filter>
    </ClInclude>
    <ClInclude Include="include\core\observations\joint_observations_map.h">
      <Filter>Header Files</Filter>
    </ClInclude>
    <ClInclude Include="include\core\observations\named_observation.h">
      <Filter>Header Files</Filter>
    </ClInclude>
    <ClInclude Include="include\core\observations\observation.h">
      <Filter>Header Files</Filter>
    </ClInclude>
    <ClInclude Include="include\core\observations\observations.h">
      <Filter>Header Files</Filter>
    </ClInclude>
    <ClInclude Include="include\core\observations\observations_map.h">
      <Filter>Header Files</Filter>
    </ClInclude>
    <ClInclude Include="include\core\observations\observation_exception.h">
      <Filter>Header Files</Filter>
    </ClInclude>
    <ClInclude Include="include\core\observations\observation_utilities.h">
      <Filter>Header Files</Filter>
    </ClInclude>
    <ClInclude Include="include\core\observation_transitions\observation_transitions.h">
      <Filter>Header Files</Filter>
    </ClInclude>
    <ClInclude Include="include\core\observation_transitions\observation_transitions_array.h">
      <Filter>Header Files</Filter>
    </ClInclude>
    <ClInclude Include="include\core\observation_transitions\observation_transitions_map.h">
      <Filter>Header Files</Filter>
    </ClInclude>
    <ClInclude Include="include\core\observation_transitions\observation_transition_exception.h">
      <Filter>Header Files</Filter>
    </ClInclude>
    <ClInclude Include="include\core\policy\policy.h">
      <Filter>Header Files</Filter>
    </ClInclude>
    <ClInclude Include="include\core\policy\policy_alpha_vector.h">
      <Filter>Header Files</Filter>
    </ClInclude>
    <ClInclude Include="include\core\policy\policy_alpha_vectors.h">
      <Filter>Header Files</Filter>
    </ClInclude>
    <ClInclude Include="include\core\policy\policy_exception.h">
      <Filter>Header Files</Filter>
    </ClInclude>
    <ClInclude Include="include\core\policy\policy_map.h">
      <Filter>Header Files</Filter>
    </ClInclude>
    <ClInclude Include="include\core\policy\policy_tree.h">
      <Filter>Header Files</Filter>
    </ClInclude>
    <ClInclude Include="include\core\rewards\factored_rewards.h">
      <Filter>Header Files</Filter>
    </ClInclude>
    <ClInclude Include="include\core\rewards\factored_weighted_rewards.h">
      <Filter>Header Files</Filter>
    </ClInclude>
    <ClInclude Include="include\core\rewards\rewards.h">
      <Filter>Header Files</Filter>
    </ClInclude>
    <ClInclude Include="include\core\rewards\reward_exception.h">
      <Filter>Header Files</Filter>
    </ClInclude>
    <ClInclude Include="include\core\rewards\saso_rewards.h">
      <Filter>Header Files</Filter>
    </ClInclude>
    <ClInclude Include="include\core\rewards\saso_rewards_array.h">
      <Filter>Header Files</Filter>
    </ClInclude>
    <ClInclude Include="include\core\rewards\saso_rewards_map.h">
      <Filter>Header Files</Filter>
    </ClInclude>
    <ClInclude Include="include\core\rewards\sas_rewards.h">
      <Filter>Header Files</Filter>
    </ClInclude>
    <ClInclude Include="include\core\rewards\sas_rewards_array.h">
      <Filter>Header Files</Filter>
    </ClInclude>
    <ClInclude Include="include\core\rewards\sas_rewards_map.h">
      <Filter>Header Files</Filter>
    </ClInclude>
    <ClInclude Include="include\core\rewards\sa_rewards.h">
      <Filter>Header Files</Filter>
    </ClInclude>
    <ClInclude Include="include\core\rewards\sa_rewards_array.h">
      <Filter>Header Files</Filter>
    </ClInclude>
    <ClInclude Include="include\core\rewards\sa_rewards_map.h">
      <Filter>Header Files</Filter>
    </ClInclude>
    <ClInclude Include="include\core\states\belief_state.h">
      <Filter>Header Files</Filter>
    </ClInclude>
    <ClInclude Include="include\core\states\factored_state.h">
      <Filter>Header Files</Filter>
    </ClInclude>
    <ClInclude Include="include\core\states\factored_states_map.h">
      <Filter>Header Files</Filter>
    </ClInclude>
    <ClInclude Include="include\core\states\indexed_state.h">
      <Filter>Header Files</Filter>
    </ClInclude>
    <ClInclude Include="include\core\states\named_state.h">
      <Filter>Header Files</Filter>
    </ClInclude>
    <ClInclude Include="include\core\states\state.h">
      <Filter>Header Files</Filter>
    </ClInclude>
    <ClInclude Include="include\core\states\states.h">
      <Filter>Header Files</Filter>
    </ClInclude>
    <ClInclude Include="include\core\states\states_map.h">
      <Filter>Header Files</Filter>
    </ClInclude>
    <ClInclude Include="include\core\states\state_exception.h">
      <Filter>Header Files</Filter>
    </ClInclude>
    <ClInclude Include="include\core\states\state_utilities.h">
      <Filter>Header Files</Filter>
    </ClInclude>
    <ClInclude Include="include\core\state_transitions\state_transitions.h">
      <Filter>Header Files</Filter>
    </ClInclude>
    <ClInclude Include="include\core\state_transitions\state_transitions_array.h">
      <Filter>Header Files</Filter>
    </ClInclude>
    <ClInclude Include="include\core\state_transitions\state_transitions_map.h">
      <Filter>Header Files</Filter>
    </ClInclude>
    <ClInclude Include="include\core\state_transitions\state_transition_exception.h">
      <Filter>Header Files</Filter>
    </ClInclude>
    <ClInclude Include="include\dec_pomdp\dec_pomdp.h">
      <Filter>Header Files</Filter>
    </ClInclude>
    <ClInclude Include="include\management\conversion.h">
      <Filter>Header Files</Filter>
    </ClInclude>
    <ClInclude Include="include\management\raw_file.h">
      <Filter>Header Files</Filter>
    </ClInclude>
    <ClInclude Include="include\management\unified_file.h">
      <Filter>Header Files</Filter>
    </ClInclude>
    <ClInclude Include="include\mdp\mdp.h">
      <Filter>Header Files</Filter>
    </ClInclude>
    <ClInclude Include="include\mdp\mdp_policy_iteration.h">
      <Filter>Header Files</Filter>
    </ClInclude>
    <ClInclude Include="include\mdp\mdp_utilities.h">
      <Filter>Header Files</Filter>
    </ClInclude>
    <ClInclude Include="include\mdp\mdp_value_iteration.h">
      <Filter>Header Files</Filter>
    </ClInclude>
    <ClInclude Include="include\pomdp\pomdp.h">
      <Filter>Header Files</Filter>
    </ClInclude>
    <ClInclude Include="include\pomdp\pomdp_pbvi.h">
      <Filter>Header Files</Filter>
    </ClInclude>
    <ClInclude Include="include\pomdp\pomdp_utilities.h">
      <Filter>Header Files</Filter>
    </ClInclude>
    <ClInclude Include="include\pomdp\pomdp_value_iteration.h">
      <Filter>Header Files</Filter>
    </ClInclude>
    <ClInclude Include="include\ssp\ssp.h">
      <Filter>Header Files</Filter>
    </ClInclude>
    <ClInclude Include="include\ssp\ssp_uct.h">
      <Filter>Header Files</Filter>
    </ClInclude>
    <ClInclude Include="include\utilities\a_star.h">
      <Filter>Header Files</Filter>
    </ClInclude>
    <ClInclude Include="include\utilities\log.h">
      <Filter>Header Files</Filter>
    </ClInclude>
    <ClInclude Include="include\utilities\string_manipulation.h">
      <Filter>Header Files</Filter>
    </ClInclude>
    <ClInclude Include="include\utilities\utility_exception.h">
      <Filter>Header Files</Filter>
    </ClInclude>
  </ItemGroup>
  <ItemGroup>
    <ClCompile Include="src\core\actions\action.cpp">
      <Filter>Source Files</Filter>
    </ClCompile>
    <ClCompile Include="src\core\actions\actions.cpp">
      <Filter>Source Files</Filter>
    </ClCompile>
    <ClCompile Include="src\core\actions\actions_map.cpp">
      <Filter>Source Files</Filter>
    </ClCompile>
    <ClCompile Include="src\core\actions\action_exception.cpp">
      <Filter>Source Files</Filter>
    </ClCompile>
    <ClCompile Include="src\core\actions\action_utilities.cpp">
      <Filter>Source Files</Filter>
    </ClCompile>
    <ClCompile Include="src\core\actions\indexed_action.cpp">
      <Filter>Source Files</Filter>
    </ClCompile>
    <ClCompile Include="src\core\actions\joint_action.cpp">
      <Filter>Source Files</Filter>
    </ClCompile>
    <ClCompile Include="src\core\actions\joint_actions_map.cpp">
      <Filter>Source Files</Filter>
    </ClCompile>
    <ClCompile Include="src\core\actions\named_action.cpp">
      <Filter>Source Files</Filter>
    </ClCompile>
    <ClCompile Include="src\core\agents\agent.cpp">
      <Filter>Source Files</Filter>
    </ClCompile>
    <ClCompile Include="src\core\agents\agents.cpp">
      <Filter>Source Files</Filter>
    </ClCompile>
    <ClCompile Include="src\core\agents\agent_exception.cpp">
      <Filter>Source Files</Filter>
    </ClCompile>
    <ClCompile Include="src\core\core_exception.cpp">
      <Filter>Source Files</Filter>
    </ClCompile>
    <ClCompile Include="src\core\horizon.cpp">
      <Filter>Source Files</Filter>
    </ClCompile>
    <ClCompile Include="src\core\initial.cpp">
      <Filter>Source Files</Filter>
    </ClCompile>
    <ClCompile Include="src\core\observations\indexed_observation.cpp">
      <Filter>Source Files</Filter>
    </ClCompile>
    <ClCompile Include="src\core\observations\joint_observation.cpp">
      <Filter>Source Files</Filter>
    </ClCompile>
    <ClCompile Include="src\core\observations\joint_observations_map.cpp">
      <Filter>Source Files</Filter>
    </ClCompile>
    <ClCompile Include="src\core\observations\named_observation.cpp">
      <Filter>Source Files</Filter>
    </ClCompile>
    <ClCompile Include="src\core\observations\observation.cpp">
      <Filter>Source Files</Filter>
    </ClCompile>
    <ClCompile Include="src\core\observations\observations.cpp">
      <Filter>Source Files</Filter>
    </ClCompile>
    <ClCompile Include="src\core\observations\observations_map.cpp">
      <Filter>Source Files</Filter>
    </ClCompile>
    <ClCompile Include="src\core\observations\observation_exception.cpp">
      <Filter>Source Files</Filter>
    </ClCompile>
    <ClCompile Include="src\core\observations\observation_utilities.cpp">
      <Filter>Source Files</Filter>
    </ClCompile>
    <ClCompile Include="src\core\observation_transitions\observation_transitions.cpp">
      <Filter>Source Files</Filter>
    </ClCompile>
    <ClCompile Include="src\core\observation_transitions\observation_transitions_array.cpp">
      <Filter>Source Files</Filter>
    </ClCompile>
    <ClCompile Include="src\core\observation_transitions\observation_transitions_map.cpp">
      <Filter>Source Files</Filter>
    </ClCompile>
    <ClCompile Include="src\core\observation_transitions\observation_transition_exception.cpp">
      <Filter>Source Files</Filter>
    </ClCompile>
    <ClCompile Include="src\core\policy\policy.cpp">
      <Filter>Source Files</Filter>
    </ClCompile>
    <ClCompile Include="src\core\policy\policy_alpha_vector.cpp">
      <Filter>Source Files</Filter>
    </ClCompile>
    <ClCompile Include="src\core\policy\policy_alpha_vectors.cpp">
      <Filter>Source Files</Filter>
    </ClCompile>
    <ClCompile Include="src\core\policy\policy_exception.cpp">
      <Filter>Source Files</Filter>
    </ClCompile>
    <ClCompile Include="src\core\policy\policy_map.cpp">
      <Filter>Source Files</Filter>
    </ClCompile>
    <ClCompile Include="src\core\policy\policy_tree.cpp">
      <Filter>Source Files</Filter>
    </ClCompile>
    <ClCompile Include="src\core\rewards\factored_rewards.cpp">
      <Filter>Source Files</Filter>
    </ClCompile>
    <ClCompile Include="src\core\rewards\factored_weighted_rewards.cpp">
      <Filter>Source Files</Filter>
    </ClCompile>
    <ClCompile Include="src\core\rewards\rewards.cpp">
      <Filter>Source Files</Filter>
    </ClCompile>
    <ClCompile Include="src\core\rewards\reward_exception.cpp">
      <Filter>Source Files</Filter>
    </ClCompile>
    <ClCompile Include="src\core\rewards\saso_rewards.cpp">
      <Filter>Source Files</Filter>
    </ClCompile>
    <ClCompile Include="src\core\rewards\saso_rewards_array.cpp">
      <Filter>Source Files</Filter>
    </ClCompile>
    <ClCompile Include="src\core\rewards\saso_rewards_map.cpp">
      <Filter>Source Files</Filter>
    </ClCompile>
    <ClCompile Include="src\core\rewards\sas_rewards.cpp">
      <Filter>Source Files</Filter>
    </ClCompile>
    <ClCompile Include="src\core\rewards\sas_rewards_array.cpp">
      <Filter>Source Files</Filter>
    </ClCompile>
    <ClCompile Include="src\core\rewards\sas_rewards_map.cpp">
      <Filter>Source Files</Filter>
    </ClCompile>
    <ClCompile Include="src\core\rewards\sa_rewards.cpp">
      <Filter>Source Files</Filter>
    </ClCompile>
    <ClCompile Include="src\core\rewards\sa_rewards_array.cpp">
      <Filter>Source Files</Filter>
    </ClCompile>
    <ClCompile Include="src\core\rewards\sa_rewards_map.cpp">
      <Filter>Source Files</Filter>
    </ClCompile>
    <ClCompile Include="src\core\states\belief_state.cpp">
      <Filter>Source Files</Filter>
    </ClCompile>
    <ClCompile Include="src\core\states\factored_state.cpp">
      <Filter>Source Files</Filter>
    </ClCompile>
    <ClCompile Include="src\core\states\factored_states_map.cpp">
      <Filter>Source Files</Filter>
    </ClCompile>
    <ClCompile Include="src\core\states\indexed_state.cpp">
      <Filter>Source Files</Filter>
    </ClCompile>
    <ClCompile Include="src\core\states\named_state.cpp">
      <Filter>Source Files</Filter>
    </ClCompile>
    <ClCompile Include="src\core\states\state.cpp">
      <Filter>Source Files</Filter>
    </ClCompile>
    <ClCompile Include="src\core\states\states.cpp">
      <Filter>Source Files</Filter>
    </ClCompile>
    <ClCompile Include="src\core\states\states_map.cpp">
      <Filter>Source Files</Filter>
    </ClCompile>
    <ClCompile Include="src\core\states\state_exception.cpp">
      <Filter>Source Files</Filter>
    </ClCompile>
    <ClCompile Include="src\core\states\state_utilities.cpp">
      <Filter>Source Files</Filter>
    </ClCompile>
    <ClCompile Include="src\core\state_transitions\state_transitions.cpp">
      <Filter>Source Files</Filter>
    </ClCompile>
    <ClCompile Include="src\core\state_transitions\state_transitions_array.cpp">
      <Filter>Source Files</Filter>
    </ClCompile>
    <ClCompile Include="src\core\state_transitions\state_transitions_map.cpp">
      <Filter>Source Files</Filter>
    </ClCompile>
    <ClCompile Include="src\core\state_transitions\state_transition_exception.cpp">
      <Filter>Source Files</Filter>
    </ClCompile>
    <ClCompile Include="src\dec_pomdp\dec_pomdp.cpp">
      <Filter>Source Files</Filter>
    </ClCompile>
    <ClCompile Include="src\management\conversion.cpp">
      <Filter>Source Files</Filter>
    </ClCompile>
    <ClCompile Include="src\management\raw_file.cpp">
      <Filter>Source Files</Filter>
    </ClCompile>
    <ClCompile Include="src\management\unified_file.cpp">
      <Filter>Source Files</Filter>
    </ClCompile>
    <ClCompile Include="src\mdp\mdp.cpp">
      <Filter>Source Files</Filter>
    </ClCompile>
    <ClCompile Include="src\mdp\mdp_policy_iteration.cpp">
      <Filter>Source Files</Filter>
    </ClCompile>
    <ClCompile Include="src\mdp\mdp_utilities.cpp">
      <Filter>Source Files</Filter>
    </ClCompile>
    <ClCompile Include="src\mdp\mdp_value_iteration.cpp">
      <Filter>Source Files</Filter>
    </ClCompile>
    <ClCompile Include="src\pomdp\pomdp.cpp">
      <Filter>Source Files</Filter>
    </ClCompile>
    <ClCompile Include="src\pomdp\pomdp_pbvi.cpp">
      <Filter>Source Files</Filter>
    </ClCompile>
    <ClCompile Include="src\pomdp\pomdp_utilities.cpp">
      <Filter>Source Files</Filter>
    </ClCompile>
    <ClCompile Include="src\pomdp\pomdp_value_iteration.cpp">
      <Filter>Source Files</Filter>
    </ClCompile>
    <ClCompile Include="src\ssp\ssp.cpp">
      <Filter>Source Files</Filter>
    </ClCompile>
    <ClCompile Include="src\ssp\ssp_uct.cpp">
      <Filter>Source Files</Filter>
    </ClCompile>
    <ClCompile Include="src\utilities\log.cpp">
      <Filter>Source Files</Filter>
    </ClCompile>
    <ClCompile Include="src\utilities\string_manipulation.cpp">
      <Filter>Source Files</Filter>
    </ClCompile>
    <ClCompile Include="src\utilities\utility_exception.cpp">
      <Filter>Source Files</Filter>
    </ClCompile>
  </ItemGroup>
</Project>